// !$*UTF8*$!
{
	archiveVersion = 1;
	classes = {
	};
	objectVersion = 50;
	objects = {

/* Begin PBXGroup section */
		F88EBE7B254D12EC00EE39C8 = {
			isa = PBXGroup;
			children = (
			);
			sourceTree = "<group>";
		};
/* End PBXGroup section */

/* Begin PBXProject section */
		F88EBE7C254D12EC00EE39C8 /* Project object */ = {
			isa = PBXProject;
			attributes = {
				LastUpgradeCheck = 1030;
			};
			buildConfigurationList = F88EBE7F254D12EC00EE39C8 /* Build configuration list for PBXProject "heroku_offcorss" */;
			compatibilityVersion = "Xcode 9.3";
			developmentRegion = en;
			hasScannedForEncodings = 0;
			knownRegions = (
				en,
			);
			mainGroup = F88EBE7B254D12EC00EE39C8;
			projectDirPath = "";
			projectRoot = "";
			targets = (
			);
		};
/* End PBXProject section */

/* Begin XCBuildConfiguration section */
		F88EBE80254D12EC00EE39C8 /* Debug */ = {
			isa = XCBuildConfiguration;
			buildSettings = {
			};
			name = Debug;
		};
		F88EBE81254D12EC00EE39C8 /* Release */ = {
			isa = XCBuildConfiguration;
			buildSettings = {
			};
			name = Release;
		};
/* End XCBuildConfiguration section */

/* Begin XCConfigurationList section */
		F88EBE7F254D12EC00EE39C8 /* Build configuration list for PBXProject "heroku_offcorss" */ = {
			isa = XCConfigurationList;
			buildConfigurations = (
				F88EBE80254D12EC00EE39C8 /* Debug */,
				F88EBE81254D12EC00EE39C8 /* Release */,
			);
			defaultConfigurationIsVisible = 0;
			defaultConfigurationName = Release;
		};
/* End XCConfigurationList section */
	};
	rootObject = F88EBE7C254D12EC00EE39C8 /* Project object */;
}
